
Microsoft Visual Studio Solution File, Format Version 12.00
# Visual Studio Version 17
VisualStudioVersion = 17.4.33205.214
MinimumVisualStudioVersion = 10.0.40219.1
Project("{9A19103F-16F7-4668-BE54-9A1E7A4F7556}") = "Ulugbekivich.Domain", "src\Ulugbekivich.Domain\Ulugbekivich.Domain.csproj", "{4924262B-938E-4E0B-8E4C-B3188DFB056C}"
EndProject
Project("{9A19103F-16F7-4668-BE54-9A1E7A4F7556}") = "Ulugbekivich.DataAccess", "src\Ulugbekivich.DataAccess\Ulugbekivich.DataAccess.csproj", "{02C30AC8-49D0-4D3D-B407-722429FFC89A}"
EndProject
Project("{9A19103F-16F7-4668-BE54-9A1E7A4F7556}") = "Ulugbekivich.Service", "src\Ulugbekivich.Service\Ulugbekivich.Service.csproj", "{178CB931-42CC-47B2-982E-97232D8F36FA}"
EndProject
Project("{9A19103F-16F7-4668-BE54-9A1E7A4F7556}") = "Ulugbekivich.Web", "src\Ulugbekivich.Web\Ulugbekivich.Web.csproj", "{4E680951-587B-4558-9107-1CA8E086DF78}"
EndProject
Global
	GlobalSection(SolutionConfigurationPlatforms) = preSolution
		Debug|Any CPU = Debug|Any CPU
		Release|Any CPU = Release|Any CPU
	EndGlobalSection
	GlobalSection(ProjectConfigurationPlatforms) = postSolution
		{4924262B-938E-4E0B-8E4C-B3188DFB056C}.Debug|Any CPU.ActiveCfg = Debug|Any CPU
		{4924262B-938E-4E0B-8E4C-B3188DFB056C}.Debug|Any CPU.Build.0 = Debug|Any CPU
		{4924262B-938E-4E0B-8E4C-B3188DFB056C}.Release|Any CPU.ActiveCfg = Release|Any CPU
		{4924262B-938E-4E0B-8E4C-B3188DFB056C}.Release|Any CPU.Build.0 = Release|Any CPU
		{02C30AC8-49D0-4D3D-B407-722429FFC89A}.Debug|Any CPU.ActiveCfg = Debug|Any CPU
		{02C30AC8-49D0-4D3D-B407-722429FFC89A}.Debug|Any CPU.Build.0 = Debug|Any CPU
		{02C30AC8-49D0-4D3D-B407-722429FFC89A}.Release|Any CPU.ActiveCfg = Release|Any CPU
		{02C30AC8-49D0-4D3D-B407-722429FFC89A}.Release|Any CPU.Build.0 = Release|Any CPU
		{178CB931-42CC-47B2-982E-97232D8F36FA}.Debug|Any CPU.ActiveCfg = Debug|Any CPU
		{178CB931-42CC-47B2-982E-97232D8F36FA}.Debug|Any CPU.Build.0 = Debug|Any CPU
		{178CB931-42CC-47B2-982E-97232D8F36FA}.Release|Any CPU.ActiveCfg = Release|Any CPU
		{178CB931-42CC-47B2-982E-97232D8F36FA}.Release|Any CPU.Build.0 = Release|Any CPU
		{4E680951-587B-4558-9107-1CA8E086DF78}.Debug|Any CPU.ActiveCfg = Debug|Any CPU
		{4E680951-587B-4558-9107-1CA8E086DF78}.Debug|Any CPU.Build.0 = Debug|Any CPU
		{4E680951-587B-4558-9107-1CA8E086DF78}.Release|Any CPU.ActiveCfg = Release|Any CPU
		{4E680951-587B-4558-9107-1CA8E086DF78}.Release|Any CPU.Build.0 = Release|Any CPU
	EndGlobalSection
	GlobalSection(SolutionProperties) = preSolution
		HideSolutionNode = FALSE
	EndGlobalSection
	GlobalSection(ExtensibilityGlobals) = postSolution
		SolutionGuid = {165F9931-665E-4D80-9BEC-A960ADE315A1}
	EndGlobalSection
EndGlobal
